
Microsoft Visual Studio Solution File, Format Version 12.00
# Visual Studio Version 17
VisualStudioVersion = 17.5.33516.290
MinimumVisualStudioVersion = 10.0.40219.1
Project("{9A19103F-16F7-4668-BE54-9A1E7A4F7556}") = "PokemonReview", "PokemonReview\PokemonReview.csproj", "{E4FF7328-3CAC-4112-95BD-84F541888E99}"
EndProject
Global
	GlobalSection(SolutionConfigurationPlatforms) = preSolution
		Debug|Any CPU = Debug|Any CPU
		Release|Any CPU = Release|Any CPU
	EndGlobalSection
	GlobalSection(ProjectConfigurationPlatforms) = postSolution
		{E4FF7328-3CAC-4112-95BD-84F541888E99}.Debug|Any CPU.ActiveCfg = Debug|Any CPU
		{E4FF7328-3CAC-4112-95BD-84F541888E99}.Debug|Any CPU.Build.0 = Debug|Any CPU
		{E4FF7328-3CAC-4112-95BD-84F541888E99}.Release|Any CPU.ActiveCfg = Release|Any CPU
		{E4FF7328-3CAC-4112-95BD-84F541888E99}.Release|Any CPU.Build.0 = Release|Any CPU
	EndGlobalSection
	GlobalSection(SolutionProperties) = preSolution
		HideSolutionNode = FALSE
	EndGlobalSection
	GlobalSection(ExtensibilityGlobals) = postSolution
		SolutionGuid = {1A4C8F45-DA81-4C4B-B1B1-E269DBACEF92}
	EndGlobalSection
EndGlobal
